// !$*UTF8*$!
{
	archiveVersion = 1;
	classes = {
	};
	objectVersion = 56;
	objects = {

/* Begin PBXBuildFile section */
		FA4335712B7EA94900732F1E /* EntityMovementViewModifier.swift in Sources */ = {isa = PBXBuildFile; fileRef = FA4335702B7EA94900732F1E /* EntityMovementViewModifier.swift */; };
		FA4335742B7FA3C000732F1E /* DeviceManager.swift in Sources */ = {isa = PBXBuildFile; fileRef = FA4335732B7FA3C000732F1E /* DeviceManager.swift */; };
		FA4335772B7FC87600732F1E /* GeometryUtilities.swift in Sources */ = {isa = PBXBuildFile; fileRef = FA4335762B7FC87600732F1E /* GeometryUtilities.swift */; };
		FA43357B2B85480500732F1E /* PileEntity.swift in Sources */ = {isa = PBXBuildFile; fileRef = FA43357A2B85480500732F1E /* PileEntity.swift */; };
		FA43357D2B854BDA00732F1E /* PictureManagerPile.swift in Sources */ = {isa = PBXBuildFile; fileRef = FA43357C2B854BDA00732F1E /* PictureManagerPile.swift */; };
		FA43357F2B85570F00732F1E /* CustomEntity.swift in Sources */ = {isa = PBXBuildFile; fileRef = FA43357E2B85570F00732F1E /* CustomEntity.swift */; };
		FA4335832B86BAB400732F1E /* ImageHoverEffect.swift in Sources */ = {isa = PBXBuildFile; fileRef = FA4335822B86BAB300732F1E /* ImageHoverEffect.swift */; };
		FA4335862B86CDFA00732F1E /* PileWindowView.swift in Sources */ = {isa = PBXBuildFile; fileRef = FA4335852B86CDFA00732F1E /* PileWindowView.swift */; };
		FA4335892B86E16700732F1E /* NavigationRoot.swift in Sources */ = {isa = PBXBuildFile; fileRef = FA4335882B86E16700732F1E /* NavigationRoot.swift */; };
		FA5D8C7B2B7D536D00A6CA29 /* DebuggingUIImage.swift in Sources */ = {isa = PBXBuildFile; fileRef = FA5D8C7A2B7D536D00A6CA29 /* DebuggingUIImage.swift */; };
		FA5D8C7F2B7E8F5200A6CA29 /* ImagePreview.swift in Sources */ = {isa = PBXBuildFile; fileRef = FA5D8C7E2B7E8F5200A6CA29 /* ImagePreview.swift */; };
		FA6096592B87A3F600E0B68F /* TrashPileEntity.swift in Sources */ = {isa = PBXBuildFile; fileRef = FA6096582B87A3F600E0B68F /* TrashPileEntity.swift */; };
		FA9004BE2B8D9C9B00E750AE /* CameraRollWindowView.swift in Sources */ = {isa = PBXBuildFile; fileRef = FA9004BD2B8D9C9B00E750AE /* CameraRollWindowView.swift */; };
		FAF9AB312B7952180048E5A9 /* RealityKitContent in Frameworks */ = {isa = PBXBuildFile; productRef = FAF9AB302B7952180048E5A9 /* RealityKitContent */; };
		FAF9AB332B7952180048E5A9 /* PhotoFinderApp.swift in Sources */ = {isa = PBXBuildFile; fileRef = FAF9AB322B7952180048E5A9 /* PhotoFinderApp.swift */; };
		FAF9AB372B7952180048E5A9 /* ImmersiveView.swift in Sources */ = {isa = PBXBuildFile; fileRef = FAF9AB362B7952180048E5A9 /* ImmersiveView.swift */; };
		FAF9AB392B7952190048E5A9 /* Assets.xcassets in Resources */ = {isa = PBXBuildFile; fileRef = FAF9AB382B7952190048E5A9 /* Assets.xcassets */; };
		FAF9AB3C2B7952190048E5A9 /* Preview Assets.xcassets in Resources */ = {isa = PBXBuildFile; fileRef = FAF9AB3B2B7952190048E5A9 /* Preview Assets.xcassets */; };
		FAF9AB472B79521A0048E5A9 /* PhotoFinderTests.swift in Sources */ = {isa = PBXBuildFile; fileRef = FAF9AB462B79521A0048E5A9 /* PhotoFinderTests.swift */; };
		FAF9AB522B7953CE0048E5A9 /* ViewModel.swift in Sources */ = {isa = PBXBuildFile; fileRef = FAF9AB512B7953CE0048E5A9 /* ViewModel.swift */; };
		FAF9AB542B7953DB0048E5A9 /* Module.swift in Sources */ = {isa = PBXBuildFile; fileRef = FAF9AB532B7953DB0048E5A9 /* Module.swift */; };
		FAF9AB572B7956420048E5A9 /* StarterView.swift in Sources */ = {isa = PBXBuildFile; fileRef = FAF9AB562B7956420048E5A9 /* StarterView.swift */; };
		FAF9AB5A2B79819E0048E5A9 /* PreviewView.swift in Sources */ = {isa = PBXBuildFile; fileRef = FAF9AB592B79819E0048E5A9 /* PreviewView.swift */; };
		FAF9AB912B7A86B90048E5A9 /* PictureManager.swift in Sources */ = {isa = PBXBuildFile; fileRef = FAF9AB902B7A86B90048E5A9 /* PictureManager.swift */; };
		FAF9AB932B7A86CB0048E5A9 /* PictureEntity.swift in Sources */ = {isa = PBXBuildFile; fileRef = FAF9AB922B7A86CB0048E5A9 /* PictureEntity.swift */; };
		FAF9AB952B7AA7910048E5A9 /* FetchPhotos.swift in Sources */ = {isa = PBXBuildFile; fileRef = FAF9AB942B7AA7910048E5A9 /* FetchPhotos.swift */; };
/* End PBXBuildFile section */

/* Begin PBXContainerItemProxy section */
		FAF9AB432B79521A0048E5A9 /* PBXContainerItemProxy */ = {
			isa = PBXContainerItemProxy;
			containerPortal = FAF9AB232B7952180048E5A9 /* Project object */;
			proxyType = 1;
			remoteGlobalIDString = FAF9AB2A2B7952180048E5A9;
			remoteInfo = PhotoFinder;
		};
/* End PBXContainerItemProxy section */

/* Begin PBXFileReference section */
		FA4335702B7EA94900732F1E /* EntityMovementViewModifier.swift */ = {isa = PBXFileReference; lastKnownFileType = sourcecode.swift; path = EntityMovementViewModifier.swift; sourceTree = "<group>"; };
		FA4335732B7FA3C000732F1E /* DeviceManager.swift */ = {isa = PBXFileReference; lastKnownFileType = sourcecode.swift; path = DeviceManager.swift; sourceTree = "<group>"; };
		FA4335762B7FC87600732F1E /* GeometryUtilities.swift */ = {isa = PBXFileReference; lastKnownFileType = sourcecode.swift; path = GeometryUtilities.swift; sourceTree = "<group>"; };
		FA43357A2B85480500732F1E /* PileEntity.swift */ = {isa = PBXFileReference; lastKnownFileType = sourcecode.swift; path = PileEntity.swift; sourceTree = "<group>"; };
		FA43357C2B854BDA00732F1E /* PictureManagerPile.swift */ = {isa = PBXFileReference; lastKnownFileType = sourcecode.swift; path = PictureManagerPile.swift; sourceTree = "<group>"; };
		FA43357E2B85570F00732F1E /* CustomEntity.swift */ = {isa = PBXFileReference; lastKnownFileType = sourcecode.swift; path = CustomEntity.swift; sourceTree = "<group>"; };
		FA4335822B86BAB300732F1E /* ImageHoverEffect.swift */ = {isa = PBXFileReference; lastKnownFileType = sourcecode.swift; path = ImageHoverEffect.swift; sourceTree = "<group>"; };
		FA4335852B86CDFA00732F1E /* PileWindowView.swift */ = {isa = PBXFileReference; lastKnownFileType = sourcecode.swift; path = PileWindowView.swift; sourceTree = "<group>"; };
		FA4335882B86E16700732F1E /* NavigationRoot.swift */ = {isa = PBXFileReference; lastKnownFileType = sourcecode.swift; path = NavigationRoot.swift; sourceTree = "<group>"; };
		FA5D8C7A2B7D536D00A6CA29 /* DebuggingUIImage.swift */ = {isa = PBXFileReference; lastKnownFileType = sourcecode.swift; path = DebuggingUIImage.swift; sourceTree = "<group>"; };
		FA5D8C7E2B7E8F5200A6CA29 /* ImagePreview.swift */ = {isa = PBXFileReference; lastKnownFileType = sourcecode.swift; path = ImagePreview.swift; sourceTree = "<group>"; };
		FA6096582B87A3F600E0B68F /* TrashPileEntity.swift */ = {isa = PBXFileReference; lastKnownFileType = sourcecode.swift; path = TrashPileEntity.swift; sourceTree = "<group>"; };
		FA9004BD2B8D9C9B00E750AE /* CameraRollWindowView.swift */ = {isa = PBXFileReference; lastKnownFileType = sourcecode.swift; path = CameraRollWindowView.swift; sourceTree = "<group>"; };
		FAF9AB2B2B7952180048E5A9 /* PhotoFinder.app */ = {isa = PBXFileReference; explicitFileType = wrapper.application; includeInIndex = 0; path = PhotoFinder.app; sourceTree = BUILT_PRODUCTS_DIR; };
		FAF9AB2F2B7952180048E5A9 /* RealityKitContent */ = {isa = PBXFileReference; lastKnownFileType = wrapper; path = RealityKitContent; sourceTree = "<group>"; };
		FAF9AB322B7952180048E5A9 /* PhotoFinderApp.swift */ = {isa = PBXFileReference; lastKnownFileType = sourcecode.swift; path = PhotoFinderApp.swift; sourceTree = "<group>"; };
		FAF9AB362B7952180048E5A9 /* ImmersiveView.swift */ = {isa = PBXFileReference; lastKnownFileType = sourcecode.swift; path = ImmersiveView.swift; sourceTree = "<group>"; };
		FAF9AB382B7952190048E5A9 /* Assets.xcassets */ = {isa = PBXFileReference; lastKnownFileType = folder.assetcatalog; path = Assets.xcassets; sourceTree = "<group>"; };
		FAF9AB3B2B7952190048E5A9 /* Preview Assets.xcassets */ = {isa = PBXFileReference; lastKnownFileType = folder.assetcatalog; path = "Preview Assets.xcassets"; sourceTree = "<group>"; };
		FAF9AB3D2B7952190048E5A9 /* Info.plist */ = {isa = PBXFileReference; lastKnownFileType = text.plist.xml; path = Info.plist; sourceTree = "<group>"; };
		FAF9AB422B79521A0048E5A9 /* PhotoFinderTests.xctest */ = {isa = PBXFileReference; explicitFileType = wrapper.cfbundle; includeInIndex = 0; path = PhotoFinderTests.xctest; sourceTree = BUILT_PRODUCTS_DIR; };
		FAF9AB462B79521A0048E5A9 /* PhotoFinderTests.swift */ = {isa = PBXFileReference; lastKnownFileType = sourcecode.swift; path = PhotoFinderTests.swift; sourceTree = "<group>"; };
		FAF9AB512B7953CE0048E5A9 /* ViewModel.swift */ = {isa = PBXFileReference; lastKnownFileType = sourcecode.swift; path = ViewModel.swift; sourceTree = "<group>"; };
		FAF9AB532B7953DB0048E5A9 /* Module.swift */ = {isa = PBXFileReference; lastKnownFileType = sourcecode.swift; path = Module.swift; sourceTree = "<group>"; };
		FAF9AB562B7956420048E5A9 /* StarterView.swift */ = {isa = PBXFileReference; lastKnownFileType = sourcecode.swift; path = StarterView.swift; sourceTree = "<group>"; };
		FAF9AB592B79819E0048E5A9 /* PreviewView.swift */ = {isa = PBXFileReference; lastKnownFileType = sourcecode.swift; path = PreviewView.swift; sourceTree = "<group>"; };
		FAF9AB902B7A86B90048E5A9 /* PictureManager.swift */ = {isa = PBXFileReference; lastKnownFileType = sourcecode.swift; path = PictureManager.swift; sourceTree = "<group>"; };
		FAF9AB922B7A86CB0048E5A9 /* PictureEntity.swift */ = {isa = PBXFileReference; lastKnownFileType = sourcecode.swift; path = PictureEntity.swift; sourceTree = "<group>"; };
		FAF9AB942B7AA7910048E5A9 /* FetchPhotos.swift */ = {isa = PBXFileReference; lastKnownFileType = sourcecode.swift; path = FetchPhotos.swift; sourceTree = "<group>"; };
/* End PBXFileReference section */

/* Begin PBXFrameworksBuildPhase section */
		FAF9AB282B7952180048E5A9 /* Frameworks */ = {
			isa = PBXFrameworksBuildPhase;
			buildActionMask = 2147483647;
			files = (
				FAF9AB312B7952180048E5A9 /* RealityKitContent in Frameworks */,
			);
			runOnlyForDeploymentPostprocessing = 0;
		};
		FAF9AB3F2B79521A0048E5A9 /* Frameworks */ = {
			isa = PBXFrameworksBuildPhase;
			buildActionMask = 2147483647;
			files = (
			);
			runOnlyForDeploymentPostprocessing = 0;
		};
/* End PBXFrameworksBuildPhase section */

/* Begin PBXGroup section */
		FA43356F2B7EA92700732F1E /* Modifiers */ = {
			isa = PBXGroup;
			children = (
				FA4335702B7EA94900732F1E /* EntityMovementViewModifier.swift */,
			);
			path = Modifiers;
			sourceTree = "<group>";
		};
		FA4335722B7FA3B200732F1E /* DeviceManager */ = {
			isa = PBXGroup;
			children = (
				FA4335732B7FA3C000732F1E /* DeviceManager.swift */,
			);
			path = DeviceManager;
			sourceTree = "<group>";
		};
		FA4335752B7FC86900732F1E /* Utilities */ = {
			isa = PBXGroup;
			children = (
				FA4335762B7FC87600732F1E /* GeometryUtilities.swift */,
			);
			path = Utilities;
			sourceTree = "<group>";
		};
		FA4335842B86CDEB00732F1E /* PileWindowView */ = {
			isa = PBXGroup;
			children = (
				FA4335852B86CDFA00732F1E /* PileWindowView.swift */,
			);
			path = PileWindowView;
			sourceTree = "<group>";
		};
		FA4335872B86E15C00732F1E /* NavigationRoot */ = {
			isa = PBXGroup;
			children = (
				FA4335882B86E16700732F1E /* NavigationRoot.swift */,
			);
			path = NavigationRoot;
			sourceTree = "<group>";
		};
		FA9004BF2B8D9CA100E750AE /* CameraRollWindowView */ = {
			isa = PBXGroup;
			children = (
				FA9004BD2B8D9C9B00E750AE /* CameraRollWindowView.swift */,
			);
			path = CameraRollWindowView;
			sourceTree = "<group>";
		};
		FAF9AB222B7952180048E5A9 = {
			isa = PBXGroup;
			children = (
				FAF9AB2D2B7952180048E5A9 /* PhotoFinder */,
				FAF9AB2E2B7952180048E5A9 /* Packages */,
				FAF9AB452B79521A0048E5A9 /* PhotoFinderTests */,
				FAF9AB2C2B7952180048E5A9 /* Products */,
			);
			sourceTree = "<group>";
		};
		FAF9AB2C2B7952180048E5A9 /* Products */ = {
			isa = PBXGroup;
			children = (
				FAF9AB2B2B7952180048E5A9 /* PhotoFinder.app */,
				FAF9AB422B79521A0048E5A9 /* PhotoFinderTests.xctest */,
			);
			name = Products;
			sourceTree = "<group>";
		};
		FAF9AB2D2B7952180048E5A9 /* PhotoFinder */ = {
			isa = PBXGroup;
			children = (
				FA9004BF2B8D9CA100E750AE /* CameraRollWindowView */,
				FA4335872B86E15C00732F1E /* NavigationRoot */,
				FA4335842B86CDEB00732F1E /* PileWindowView */,
				FA4335752B7FC86900732F1E /* Utilities */,
				FAF9AB8E2B7A86A40048E5A9 /* State */,
				FAF9AB8C2B7A71910048E5A9 /* Entities */,
				FAF9AB5B2B79D0C10048E5A9 /* ImmersiveView */,
				FAF9AB582B7981930048E5A9 /* PreviewView */,
				FAF9AB552B7953FF0048E5A9 /* StarterView */,
				FAF9AB322B7952180048E5A9 /* PhotoFinderApp.swift */,
				FAF9AB382B7952190048E5A9 /* Assets.xcassets */,
				FAF9AB3D2B7952190048E5A9 /* Info.plist */,
				FAF9AB3A2B7952190048E5A9 /* Preview Content */,
			);
			path = PhotoFinder;
			sourceTree = "<group>";
		};
		FAF9AB2E2B7952180048E5A9 /* Packages */ = {
			isa = PBXGroup;
			children = (
				FAF9AB2F2B7952180048E5A9 /* RealityKitContent */,
			);
			path = Packages;
			sourceTree = "<group>";
		};
		FAF9AB3A2B7952190048E5A9 /* Preview Content */ = {
			isa = PBXGroup;
			children = (
				FAF9AB3B2B7952190048E5A9 /* Preview Assets.xcassets */,
			);
			path = "Preview Content";
			sourceTree = "<group>";
		};
		FAF9AB452B79521A0048E5A9 /* PhotoFinderTests */ = {
			isa = PBXGroup;
			children = (
				FAF9AB462B79521A0048E5A9 /* PhotoFinderTests.swift */,
			);
			path = PhotoFinderTests;
			sourceTree = "<group>";
		};
		FAF9AB502B7953BA0048E5A9 /* ViewModel */ = {
			isa = PBXGroup;
			children = (
				FAF9AB512B7953CE0048E5A9 /* ViewModel.swift */,
				FAF9AB532B7953DB0048E5A9 /* Module.swift */,
				FAF9AB942B7AA7910048E5A9 /* FetchPhotos.swift */,
				FA5D8C7A2B7D536D00A6CA29 /* DebuggingUIImage.swift */,
			);
			path = ViewModel;
			sourceTree = "<group>";
		};
		FAF9AB552B7953FF0048E5A9 /* StarterView */ = {
			isa = PBXGroup;
			children = (
				FAF9AB562B7956420048E5A9 /* StarterView.swift */,
			);
			path = StarterView;
			sourceTree = "<group>";
		};
		FAF9AB582B7981930048E5A9 /* PreviewView */ = {
			isa = PBXGroup;
			children = (
				FAF9AB592B79819E0048E5A9 /* PreviewView.swift */,
				FA5D8C7E2B7E8F5200A6CA29 /* ImagePreview.swift */,
				FA4335822B86BAB300732F1E /* ImageHoverEffect.swift */,
			);
			path = PreviewView;
			sourceTree = "<group>";
		};
		FAF9AB5B2B79D0C10048E5A9 /* ImmersiveView */ = {
			isa = PBXGroup;
			children = (
				FA43356F2B7EA92700732F1E /* Modifiers */,
				FAF9AB362B7952180048E5A9 /* ImmersiveView.swift */,
			);
			path = ImmersiveView;
			sourceTree = "<group>";
		};
		FAF9AB8C2B7A71910048E5A9 /* Entities */ = {
			isa = PBXGroup;
			children = (
				FAF9AB8D2B7A719E0048E5A9 /* PictureEntity */,
			);
			path = Entities;
			sourceTree = "<group>";
		};
		FAF9AB8D2B7A719E0048E5A9 /* PictureEntity */ = {
			isa = PBXGroup;
			children = (
				FAF9AB922B7A86CB0048E5A9 /* PictureEntity.swift */,
				FA43357A2B85480500732F1E /* PileEntity.swift */,
				FA43357E2B85570F00732F1E /* CustomEntity.swift */,
				FA6096582B87A3F600E0B68F /* TrashPileEntity.swift */,
			);
			path = PictureEntity;
			sourceTree = "<group>";
		};
		FAF9AB8E2B7A86A40048E5A9 /* State */ = {
			isa = PBXGroup;
			children = (
				FA4335722B7FA3B200732F1E /* DeviceManager */,
				FAF9AB8F2B7A86AC0048E5A9 /* PictureManager */,
				FAF9AB502B7953BA0048E5A9 /* ViewModel */,
			);
			path = State;
			sourceTree = "<group>";
		};
		FAF9AB8F2B7A86AC0048E5A9 /* PictureManager */ = {
			isa = PBXGroup;
			children = (
				FAF9AB902B7A86B90048E5A9 /* PictureManager.swift */,
				FA43357C2B854BDA00732F1E /* PictureManagerPile.swift */,
			);
			path = PictureManager;
			sourceTree = "<group>";
		};
/* End PBXGroup section */

/* Begin PBXNativeTarget section */
		FAF9AB2A2B7952180048E5A9 /* PhotoFinder */ = {
			isa = PBXNativeTarget;
			buildConfigurationList = FAF9AB4A2B79521A0048E5A9 /* Build configuration list for PBXNativeTarget "PhotoFinder" */;
			buildPhases = (
				FAF9AB272B7952180048E5A9 /* Sources */,
				FAF9AB282B7952180048E5A9 /* Frameworks */,
				FAF9AB292B7952180048E5A9 /* Resources */,
			);
			buildRules = (
			);
			dependencies = (
			);
			name = PhotoFinder;
			packageProductDependencies = (
				FAF9AB302B7952180048E5A9 /* RealityKitContent */,
			);
			productName = PhotoFinder;
			productReference = FAF9AB2B2B7952180048E5A9 /* PhotoFinder.app */;
			productType = "com.apple.product-type.application";
		};
		FAF9AB412B79521A0048E5A9 /* PhotoFinderTests */ = {
			isa = PBXNativeTarget;
			buildConfigurationList = FAF9AB4D2B79521A0048E5A9 /* Build configuration list for PBXNativeTarget "PhotoFinderTests" */;
			buildPhases = (
				FAF9AB3E2B79521A0048E5A9 /* Sources */,
				FAF9AB3F2B79521A0048E5A9 /* Frameworks */,
				FAF9AB402B79521A0048E5A9 /* Resources */,
			);
			buildRules = (
			);
			dependencies = (
				FAF9AB442B79521A0048E5A9 /* PBXTargetDependency */,
			);
			name = PhotoFinderTests;
			productName = PhotoFinderTests;
			productReference = FAF9AB422B79521A0048E5A9 /* PhotoFinderTests.xctest */;
			productType = "com.apple.product-type.bundle.unit-test";
		};
/* End PBXNativeTarget section */

/* Begin PBXProject section */
		FAF9AB232B7952180048E5A9 /* Project object */ = {
			isa = PBXProject;
			attributes = {
				BuildIndependentTargetsInParallel = 1;
				LastSwiftUpdateCheck = 1520;
				LastUpgradeCheck = 1520;
				TargetAttributes = {
					FAF9AB2A2B7952180048E5A9 = {
						CreatedOnToolsVersion = 15.2;
					};
					FAF9AB412B79521A0048E5A9 = {
						CreatedOnToolsVersion = 15.2;
						TestTargetID = FAF9AB2A2B7952180048E5A9;
					};
				};
			};
			buildConfigurationList = FAF9AB262B7952180048E5A9 /* Build configuration list for PBXProject "PhotoFinder" */;
			compatibilityVersion = "Xcode 14.0";
			developmentRegion = en;
			hasScannedForEncodings = 0;
			knownRegions = (
				en,
				Base,
			);
			mainGroup = FAF9AB222B7952180048E5A9;
			productRefGroup = FAF9AB2C2B7952180048E5A9 /* Products */;
			projectDirPath = "";
			projectRoot = "";
			targets = (
				FAF9AB2A2B7952180048E5A9 /* PhotoFinder */,
				FAF9AB412B79521A0048E5A9 /* PhotoFinderTests */,
			);
		};
/* End PBXProject section */

/* Begin PBXResourcesBuildPhase section */
		FAF9AB292B7952180048E5A9 /* Resources */ = {
			isa = PBXResourcesBuildPhase;
			buildActionMask = 2147483647;
			files = (
				FAF9AB3C2B7952190048E5A9 /* Preview Assets.xcassets in Resources */,
				FAF9AB392B7952190048E5A9 /* Assets.xcassets in Resources */,
			);
			runOnlyForDeploymentPostprocessing = 0;
		};
		FAF9AB402B79521A0048E5A9 /* Resources */ = {
			isa = PBXResourcesBuildPhase;
			buildActionMask = 2147483647;
			files = (
			);
			runOnlyForDeploymentPostprocessing = 0;
		};
/* End PBXResourcesBuildPhase section */

/* Begin PBXSourcesBuildPhase section */
		FAF9AB272B7952180048E5A9 /* Sources */ = {
			isa = PBXSourcesBuildPhase;
			buildActionMask = 2147483647;
			files = (
				FAF9AB332B7952180048E5A9 /* PhotoFinderApp.swift in Sources */,
				FAF9AB572B7956420048E5A9 /* StarterView.swift in Sources */,
				FAF9AB932B7A86CB0048E5A9 /* PictureEntity.swift in Sources */,
				FA4335772B7FC87600732F1E /* GeometryUtilities.swift in Sources */,
				FA43357B2B85480500732F1E /* PileEntity.swift in Sources */,
				FAF9AB522B7953CE0048E5A9 /* ViewModel.swift in Sources */,
				FA6096592B87A3F600E0B68F /* TrashPileEntity.swift in Sources */,
				FA43357F2B85570F00732F1E /* CustomEntity.swift in Sources */,
				FA9004BE2B8D9C9B00E750AE /* CameraRollWindowView.swift in Sources */,
				FAF9AB542B7953DB0048E5A9 /* Module.swift in Sources */,
				FA4335832B86BAB400732F1E /* ImageHoverEffect.swift in Sources */,
				FA43357D2B854BDA00732F1E /* PictureManagerPile.swift in Sources */,
				FAF9AB372B7952180048E5A9 /* ImmersiveView.swift in Sources */,
				FA4335742B7FA3C000732F1E /* DeviceManager.swift in Sources */,
				FAF9AB912B7A86B90048E5A9 /* PictureManager.swift in Sources */,
				FAF9AB5A2B79819E0048E5A9 /* PreviewView.swift in Sources */,
				FA5D8C7F2B7E8F5200A6CA29 /* ImagePreview.swift in Sources */,
				FA4335862B86CDFA00732F1E /* PileWindowView.swift in Sources */,
				FA4335712B7EA94900732F1E /* EntityMovementViewModifier.swift in Sources */,
				FA4335892B86E16700732F1E /* NavigationRoot.swift in Sources */,
				FA5D8C7B2B7D536D00A6CA29 /* DebuggingUIImage.swift in Sources */,
				FAF9AB952B7AA7910048E5A9 /* FetchPhotos.swift in Sources */,
			);
			runOnlyForDeploymentPostprocessing = 0;
		};
		FAF9AB3E2B79521A0048E5A9 /* Sources */ = {
			isa = PBXSourcesBuildPhase;
			buildActionMask = 2147483647;
			files = (
				FAF9AB472B79521A0048E5A9 /* PhotoFinderTests.swift in Sources */,
			);
			runOnlyForDeploymentPostprocessing = 0;
		};
/* End PBXSourcesBuildPhase section */

/* Begin PBXTargetDependency section */
		FAF9AB442B79521A0048E5A9 /* PBXTargetDependency */ = {
			isa = PBXTargetDependency;
			target = FAF9AB2A2B7952180048E5A9 /* PhotoFinder */;
			targetProxy = FAF9AB432B79521A0048E5A9 /* PBXContainerItemProxy */;
		};
/* End PBXTargetDependency section */

/* Begin XCBuildConfiguration section */
		FAF9AB482B79521A0048E5A9 /* Debug */ = {
			isa = XCBuildConfiguration;
			buildSettings = {
				ALWAYS_SEARCH_USER_PATHS = NO;
				ASSETCATALOG_COMPILER_GENERATE_SWIFT_ASSET_SYMBOL_EXTENSIONS = YES;
				CLANG_ANALYZER_NONNULL = YES;
				CLANG_ANALYZER_NUMBER_OBJECT_CONVERSION = YES_AGGRESSIVE;
				CLANG_CXX_LANGUAGE_STANDARD = "gnu++20";
				CLANG_ENABLE_MODULES = YES;
				CLANG_ENABLE_OBJC_ARC = YES;
				CLANG_ENABLE_OBJC_WEAK = YES;
				CLANG_WARN_BLOCK_CAPTURE_AUTORELEASING = YES;
				CLANG_WARN_BOOL_CONVERSION = YES;
				CLANG_WARN_COMMA = YES;
				CLANG_WARN_CONSTANT_CONVERSION = YES;
				CLANG_WARN_DEPRECATED_OBJC_IMPLEMENTATIONS = YES;
				CLANG_WARN_DIRECT_OBJC_ISA_USAGE = YES_ERROR;
				CLANG_WARN_DOCUMENTATION_COMMENTS = YES;
				CLANG_WARN_EMPTY_BODY = YES;
				CLANG_WARN_ENUM_CONVERSION = YES;
				CLANG_WARN_INFINITE_RECURSION = YES;
				CLANG_WARN_INT_CONVERSION = YES;
				CLANG_WARN_NON_LITERAL_NULL_CONVERSION = YES;
				CLANG_WARN_OBJC_IMPLICIT_RETAIN_SELF = YES;
				CLANG_WARN_OBJC_LITERAL_CONVERSION = YES;
				CLANG_WARN_OBJC_ROOT_CLASS = YES_ERROR;
				CLANG_WARN_QUOTED_INCLUDE_IN_FRAMEWORK_HEADER = YES;
				CLANG_WARN_RANGE_LOOP_ANALYSIS = YES;
				CLANG_WARN_STRICT_PROTOTYPES = YES;
				CLANG_WARN_SUSPICIOUS_MOVE = YES;
				CLANG_WARN_UNGUARDED_AVAILABILITY = YES_AGGRESSIVE;
				CLANG_WARN_UNREACHABLE_CODE = YES;
				CLANG_WARN__DUPLICATE_METHOD_MATCH = YES;
				COPY_PHASE_STRIP = NO;
				DEBUG_INFORMATION_FORMAT = dwarf;
				ENABLE_STRICT_OBJC_MSGSEND = YES;
				ENABLE_TESTABILITY = YES;
				ENABLE_USER_SCRIPT_SANDBOXING = YES;
				GCC_C_LANGUAGE_STANDARD = gnu17;
				GCC_DYNAMIC_NO_PIC = NO;
				GCC_NO_COMMON_BLOCKS = YES;
				GCC_OPTIMIZATION_LEVEL = 0;
				GCC_PREPROCESSOR_DEFINITIONS = (
					"DEBUG=1",
					"$(inherited)",
				);
				GCC_WARN_64_TO_32_BIT_CONVERSION = YES;
				GCC_WARN_ABOUT_RETURN_TYPE = YES_ERROR;
				GCC_WARN_UNDECLARED_SELECTOR = YES;
				GCC_WARN_UNINITIALIZED_AUTOS = YES_AGGRESSIVE;
				GCC_WARN_UNUSED_FUNCTION = YES;
				GCC_WARN_UNUSED_VARIABLE = YES;
				LOCALIZATION_PREFERS_STRING_CATALOGS = YES;
				MTL_ENABLE_DEBUG_INFO = INCLUDE_SOURCE;
				MTL_FAST_MATH = YES;
				ONLY_ACTIVE_ARCH = YES;
				SDKROOT = xros;
				SWIFT_ACTIVE_COMPILATION_CONDITIONS = "DEBUG $(inherited)";
				SWIFT_OPTIMIZATION_LEVEL = "-Onone";
				XROS_DEPLOYMENT_TARGET = 1.0;
			};
			name = Debug;
		};
		FAF9AB492B79521A0048E5A9 /* Release */ = {
			isa = XCBuildConfiguration;
			buildSettings = {
				ALWAYS_SEARCH_USER_PATHS = NO;
				ASSETCATALOG_COMPILER_GENERATE_SWIFT_ASSET_SYMBOL_EXTENSIONS = YES;
				CLANG_ANALYZER_NONNULL = YES;
				CLANG_ANALYZER_NUMBER_OBJECT_CONVERSION = YES_AGGRESSIVE;
				CLANG_CXX_LANGUAGE_STANDARD = "gnu++20";
				CLANG_ENABLE_MODULES = YES;
				CLANG_ENABLE_OBJC_ARC = YES;
				CLANG_ENABLE_OBJC_WEAK = YES;
				CLANG_WARN_BLOCK_CAPTURE_AUTORELEASING = YES;
				CLANG_WARN_BOOL_CONVERSION = YES;
				CLANG_WARN_COMMA = YES;
				CLANG_WARN_CONSTANT_CONVERSION = YES;
				CLANG_WARN_DEPRECATED_OBJC_IMPLEMENTATIONS = YES;
				CLANG_WARN_DIRECT_OBJC_ISA_USAGE = YES_ERROR;
				CLANG_WARN_DOCUMENTATION_COMMENTS = YES;
				CLANG_WARN_EMPTY_BODY = YES;
				CLANG_WARN_ENUM_CONVERSION = YES;
				CLANG_WARN_INFINITE_RECURSION = YES;
				CLANG_WARN_INT_CONVERSION = YES;
				CLANG_WARN_NON_LITERAL_NULL_CONVERSION = YES;
				CLANG_WARN_OBJC_IMPLICIT_RETAIN_SELF = YES;
				CLANG_WARN_OBJC_LITERAL_CONVERSION = YES;
				CLANG_WARN_OBJC_ROOT_CLASS = YES_ERROR;
				CLANG_WARN_QUOTED_INCLUDE_IN_FRAMEWORK_HEADER = YES;
				CLANG_WARN_RANGE_LOOP_ANALYSIS = YES;
				CLANG_WARN_STRICT_PROTOTYPES = YES;
				CLANG_WARN_SUSPICIOUS_MOVE = YES;
				CLANG_WARN_UNGUARDED_AVAILABILITY = YES_AGGRESSIVE;
				CLANG_WARN_UNREACHABLE_CODE = YES;
				CLANG_WARN__DUPLICATE_METHOD_MATCH = YES;
				COPY_PHASE_STRIP = NO;
				DEBUG_INFORMATION_FORMAT = "dwarf-with-dsym";
				ENABLE_NS_ASSERTIONS = NO;
				ENABLE_STRICT_OBJC_MSGSEND = YES;
				ENABLE_USER_SCRIPT_SANDBOXING = YES;
				GCC_C_LANGUAGE_STANDARD = gnu17;
				GCC_NO_COMMON_BLOCKS = YES;
				GCC_WARN_64_TO_32_BIT_CONVERSION = YES;
				GCC_WARN_ABOUT_RETURN_TYPE = YES_ERROR;
				GCC_WARN_UNDECLARED_SELECTOR = YES;
				GCC_WARN_UNINITIALIZED_AUTOS = YES_AGGRESSIVE;
				GCC_WARN_UNUSED_FUNCTION = YES;
				GCC_WARN_UNUSED_VARIABLE = YES;
				LOCALIZATION_PREFERS_STRING_CATALOGS = YES;
				MTL_ENABLE_DEBUG_INFO = NO;
				MTL_FAST_MATH = YES;
				SDKROOT = xros;
				SWIFT_COMPILATION_MODE = wholemodule;
				VALIDATE_PRODUCT = YES;
				XROS_DEPLOYMENT_TARGET = 1.0;
			};
			name = Release;
		};
		FAF9AB4B2B79521A0048E5A9 /* Debug */ = {
			isa = XCBuildConfiguration;
			buildSettings = {
				ASSETCATALOG_COMPILER_APPICON_NAME = AppIcon;
				ASSETCATALOG_COMPILER_GLOBAL_ACCENT_COLOR_NAME = AccentColor;
				CODE_SIGN_STYLE = Automatic;
				CURRENT_PROJECT_VERSION = 1;
				DEVELOPMENT_ASSET_PATHS = "\"PhotoFinder/Preview Content\"";
				DEVELOPMENT_TEAM = G8JRLHA5P5;
				ENABLE_PREVIEWS = YES;
				GENERATE_INFOPLIST_FILE = YES;
				INFOPLIST_FILE = "$(TARGET_NAME)/Info.plist";
				LD_RUNPATH_SEARCH_PATHS = (
					"$(inherited)",
					"@executable_path/Frameworks",
				);
				MARKETING_VERSION = 1.0;
				PRODUCT_BUNDLE_IDENTIFIER = alxrod.PhotoFinder;
				PRODUCT_NAME = "$(TARGET_NAME)";
				SUPPORTED_PLATFORMS = "xros xrsimulator";
				SWIFT_EMIT_LOC_STRINGS = YES;
				SWIFT_VERSION = 5.0;
				TARGETED_DEVICE_FAMILY = "1,2,7";
			};
			name = Debug;
		};
		FAF9AB4C2B79521A0048E5A9 /* Release */ = {
			isa = XCBuildConfiguration;
			buildSettings = {
				ASSETCATALOG_COMPILER_APPICON_NAME = AppIcon;
				ASSETCATALOG_COMPILER_GLOBAL_ACCENT_COLOR_NAME = AccentColor;
				CODE_SIGN_STYLE = Automatic;
				CURRENT_PROJECT_VERSION = 1;
				DEVELOPMENT_ASSET_PATHS = "\"PhotoFinder/Preview Content\"";
				DEVELOPMENT_TEAM = G8JRLHA5P5;
				ENABLE_PREVIEWS = YES;
				GENERATE_INFOPLIST_FILE = YES;
				INFOPLIST_FILE = "$(TARGET_NAME)/Info.plist";
				LD_RUNPATH_SEARCH_PATHS = (
					"$(inherited)",
					"@executable_path/Frameworks",
				);
				MARKETING_VERSION = 1.0;
				PRODUCT_BUNDLE_IDENTIFIER = alxrod.PhotoFinder;
				PRODUCT_NAME = "$(TARGET_NAME)";
				SUPPORTED_PLATFORMS = "xros xrsimulator";
				SWIFT_EMIT_LOC_STRINGS = YES;
				SWIFT_VERSION = 5.0;
				TARGETED_DEVICE_FAMILY = "1,2,7";
			};
			name = Release;
		};
		FAF9AB4E2B79521A0048E5A9 /* Debug */ = {
			isa = XCBuildConfiguration;
			buildSettings = {
				ALWAYS_EMBED_SWIFT_STANDARD_LIBRARIES = YES;
				BUNDLE_LOADER = "$(TEST_HOST)";
				CODE_SIGN_STYLE = Automatic;
				CURRENT_PROJECT_VERSION = 1;
				DEVELOPMENT_TEAM = G8JRLHA5P5;
				GENERATE_INFOPLIST_FILE = YES;
				MARKETING_VERSION = 1.0;
				PRODUCT_BUNDLE_IDENTIFIER = alxrod.PhotoFinderTests;
				PRODUCT_NAME = "$(TARGET_NAME)";
				SUPPORTED_PLATFORMS = "xros xrsimulator";
				SWIFT_EMIT_LOC_STRINGS = NO;
				SWIFT_VERSION = 5.0;
				TARGETED_DEVICE_FAMILY = "1,2,7";
				TEST_HOST = "$(BUILT_PRODUCTS_DIR)/PhotoFinder.app/$(BUNDLE_EXECUTABLE_FOLDER_PATH)/PhotoFinder";
				XROS_DEPLOYMENT_TARGET = 1.0;
			};
			name = Debug;
		};
		FAF9AB4F2B79521A0048E5A9 /* Release */ = {
			isa = XCBuildConfiguration;
			buildSettings = {
				ALWAYS_EMBED_SWIFT_STANDARD_LIBRARIES = YES;
				BUNDLE_LOADER = "$(TEST_HOST)";
				CODE_SIGN_STYLE = Automatic;
				CURRENT_PROJECT_VERSION = 1;
				DEVELOPMENT_TEAM = G8JRLHA5P5;
				GENERATE_INFOPLIST_FILE = YES;
				MARKETING_VERSION = 1.0;
				PRODUCT_BUNDLE_IDENTIFIER = alxrod.PhotoFinderTests;
				PRODUCT_NAME = "$(TARGET_NAME)";
				SUPPORTED_PLATFORMS = "xros xrsimulator";
				SWIFT_EMIT_LOC_STRINGS = NO;
				SWIFT_VERSION = 5.0;
				TARGETED_DEVICE_FAMILY = "1,2,7";
				TEST_HOST = "$(BUILT_PRODUCTS_DIR)/PhotoFinder.app/$(BUNDLE_EXECUTABLE_FOLDER_PATH)/PhotoFinder";
				XROS_DEPLOYMENT_TARGET = 1.0;
			};
			name = Release;
		};
/* End XCBuildConfiguration section */

/* Begin XCConfigurationList section */
		FAF9AB262B7952180048E5A9 /* Build configuration list for PBXProject "PhotoFinder" */ = {
			isa = XCConfigurationList;
			buildConfigurations = (
				FAF9AB482B79521A0048E5A9 /* Debug */,
				FAF9AB492B79521A0048E5A9 /* Release */,
			);
			defaultConfigurationIsVisible = 0;
			defaultConfigurationName = Release;
		};
		FAF9AB4A2B79521A0048E5A9 /* Build configuration list for PBXNativeTarget "PhotoFinder" */ = {
			isa = XCConfigurationList;
			buildConfigurations = (
				FAF9AB4B2B79521A0048E5A9 /* Debug */,
				FAF9AB4C2B79521A0048E5A9 /* Release */,
			);
			defaultConfigurationIsVisible = 0;
			defaultConfigurationName = Release;
		};
		FAF9AB4D2B79521A0048E5A9 /* Build configuration list for PBXNativeTarget "PhotoFinderTests" */ = {
			isa = XCConfigurationList;
			buildConfigurations = (
				FAF9AB4E2B79521A0048E5A9 /* Debug */,
				FAF9AB4F2B79521A0048E5A9 /* Release */,
			);
			defaultConfigurationIsVisible = 0;
			defaultConfigurationName = Release;
		};
/* End XCConfigurationList section */

/* Begin XCSwiftPackageProductDependency section */
		FAF9AB302B7952180048E5A9 /* RealityKitContent */ = {
			isa = XCSwiftPackageProductDependency;
			productName = RealityKitContent;
		};
/* End XCSwiftPackageProductDependency section */
	};
	rootObject = FAF9AB232B7952180048E5A9 /* Project object */;
}
